
Microsoft Visual Studio Solution File, Format Version 12.00
# Visual Studio Version 16
VisualStudioVersion = 16.0.29806.167
MinimumVisualStudioVersion = 10.0.40219.1
Project("{FAE04EC0-301F-11D3-BF4B-00C04F79EFBC}") = "MSTest", "MSTest\MSTest.csproj", "{23101985-FCCA-43AB-9022-195E7D6A4D04}"
EndProject
Project("{FAE04EC0-301F-11D3-BF4B-00C04F79EFBC}") = "BussinessLayer", "BussinesLayer\BussinessLayer.csproj", "{567B2002-C079-401F-A14A-163E9405EEA5}"
EndProject
Project("{FAE04EC0-301F-11D3-BF4B-00C04F79EFBC}") = "DataBaseLayer", "DataBaseLayer\DataBaseLayer.csproj", "{2BD38A6F-8693-461E-9703-C33711C040F1}"
EndProject
Project("{FAE04EC0-301F-11D3-BF4B-00C04F79EFBC}") = "DemoTest", "DemoTest\DemoTest.csproj", "{EFF89828-85B3-455E-99DF-EE9B812771B0}"
EndProject
Project("{FAE04EC0-301F-11D3-BF4B-00C04F79EFBC}") = "BLAgeTest", "BLAgeTest\BLAgeTest.csproj", "{43182B5C-A2F1-44D0-832B-C9B8BC4767AB}"
EndProject
Global
	GlobalSection(SolutionConfigurationPlatforms) = preSolution
		Debug|Any CPU = Debug|Any CPU
		Release|Any CPU = Release|Any CPU
	EndGlobalSection
	GlobalSection(ProjectConfigurationPlatforms) = postSolution
		{23101985-FCCA-43AB-9022-195E7D6A4D04}.Debug|Any CPU.ActiveCfg = Debug|Any CPU
		{23101985-FCCA-43AB-9022-195E7D6A4D04}.Debug|Any CPU.Build.0 = Debug|Any CPU
		{23101985-FCCA-43AB-9022-195E7D6A4D04}.Release|Any CPU.ActiveCfg = Release|Any CPU
		{23101985-FCCA-43AB-9022-195E7D6A4D04}.Release|Any CPU.Build.0 = Release|Any CPU
		{567B2002-C079-401F-A14A-163E9405EEA5}.Debug|Any CPU.ActiveCfg = Debug|Any CPU
		{567B2002-C079-401F-A14A-163E9405EEA5}.Debug|Any CPU.Build.0 = Debug|Any CPU
		{567B2002-C079-401F-A14A-163E9405EEA5}.Release|Any CPU.ActiveCfg = Release|Any CPU
		{567B2002-C079-401F-A14A-163E9405EEA5}.Release|Any CPU.Build.0 = Release|Any CPU
		{2BD38A6F-8693-461E-9703-C33711C040F1}.Debug|Any CPU.ActiveCfg = Debug|Any CPU
		{2BD38A6F-8693-461E-9703-C33711C040F1}.Debug|Any CPU.Build.0 = Debug|Any CPU
		{2BD38A6F-8693-461E-9703-C33711C040F1}.Release|Any CPU.ActiveCfg = Release|Any CPU
		{2BD38A6F-8693-461E-9703-C33711C040F1}.Release|Any CPU.Build.0 = Release|Any CPU
		{EFF89828-85B3-455E-99DF-EE9B812771B0}.Debug|Any CPU.ActiveCfg = Debug|Any CPU
		{EFF89828-85B3-455E-99DF-EE9B812771B0}.Debug|Any CPU.Build.0 = Debug|Any CPU
		{EFF89828-85B3-455E-99DF-EE9B812771B0}.Release|Any CPU.ActiveCfg = Release|Any CPU
		{EFF89828-85B3-455E-99DF-EE9B812771B0}.Release|Any CPU.Build.0 = Release|Any CPU
		{43182B5C-A2F1-44D0-832B-C9B8BC4767AB}.Debug|Any CPU.ActiveCfg = Debug|Any CPU
		{43182B5C-A2F1-44D0-832B-C9B8BC4767AB}.Debug|Any CPU.Build.0 = Debug|Any CPU
		{43182B5C-A2F1-44D0-832B-C9B8BC4767AB}.Release|Any CPU.ActiveCfg = Release|Any CPU
		{43182B5C-A2F1-44D0-832B-C9B8BC4767AB}.Release|Any CPU.Build.0 = Release|Any CPU
	EndGlobalSection
	GlobalSection(SolutionProperties) = preSolution
		HideSolutionNode = FALSE
	EndGlobalSection
	GlobalSection(ExtensibilityGlobals) = postSolution
		SolutionGuid = {DC5DF0B6-45E8-43B4-91A1-CC694B1FAD69}
	EndGlobalSection
EndGlobal
